// !$*UTF8*$!
{
	archiveVersion = 1;
	classes = {
	};
	objectVersion = 46;
	objects = {

/* Begin PBXBuildFile section */
		D9826904190C2A6C00E294F2 /* Foundation.framework in Frameworks */ = {isa = PBXBuildFile; fileRef = D9826903190C2A6C00E294F2 /* Foundation.framework */; };
		D9826906190C2A6C00E294F2 /* CoreGraphics.framework in Frameworks */ = {isa = PBXBuildFile; fileRef = D9826905190C2A6C00E294F2 /* CoreGraphics.framework */; };
		D9826908190C2A6C00E294F2 /* UIKit.framework in Frameworks */ = {isa = PBXBuildFile; fileRef = D9826907190C2A6C00E294F2 /* UIKit.framework */; };
		D982690A190C2A6C00E294F2 /* CoreData.framework in Frameworks */ = {isa = PBXBuildFile; fileRef = D9826909190C2A6C00E294F2 /* CoreData.framework */; };
		D9826910190C2A6C00E294F2 /* InfoPlist.strings in Resources */ = {isa = PBXBuildFile; fileRef = D982690E190C2A6C00E294F2 /* InfoPlist.strings */; };
		D9826912190C2A6C00E294F2 /* main.m in Sources */ = {isa = PBXBuildFile; fileRef = D9826911190C2A6C00E294F2 /* main.m */; };
		D9826916190C2A6C00E294F2 /* UBRAppDelegate.m in Sources */ = {isa = PBXBuildFile; fileRef = D9826915190C2A6C00E294F2 /* UBRAppDelegate.m */; };
		D9826919190C2A6C00E294F2 /* PhotoSearch.xcdatamodeld in Sources */ = {isa = PBXBuildFile; fileRef = D9826917190C2A6C00E294F2 /* PhotoSearch.xcdatamodeld */; };
		D982691B190C2A6C00E294F2 /* Images.xcassets in Resources */ = {isa = PBXBuildFile; fileRef = D982691A190C2A6C00E294F2 /* Images.xcassets */; };
		D9826922190C2A6C00E294F2 /* XCTest.framework in Frameworks */ = {isa = PBXBuildFile; fileRef = D9826921190C2A6C00E294F2 /* XCTest.framework */; };
		D9826923190C2A6C00E294F2 /* Foundation.framework in Frameworks */ = {isa = PBXBuildFile; fileRef = D9826903190C2A6C00E294F2 /* Foundation.framework */; };
		D9826924190C2A6C00E294F2 /* UIKit.framework in Frameworks */ = {isa = PBXBuildFile; fileRef = D9826907190C2A6C00E294F2 /* UIKit.framework */; };
		D9826925190C2A6C00E294F2 /* CoreData.framework in Frameworks */ = {isa = PBXBuildFile; fileRef = D9826909190C2A6C00E294F2 /* CoreData.framework */; };
		D982692D190C2A6C00E294F2 /* InfoPlist.strings in Resources */ = {isa = PBXBuildFile; fileRef = D982692B190C2A6C00E294F2 /* InfoPlist.strings */; };
		D982692F190C2A6C00E294F2 /* PhotoSearchTests.m in Sources */ = {isa = PBXBuildFile; fileRef = D982692E190C2A6C00E294F2 /* PhotoSearchTests.m */; };
		D982693B190C2B7000E294F2 /* UBRSearchCollectionViewController.m in Sources */ = {isa = PBXBuildFile; fileRef = D982693A190C2B7000E294F2 /* UBRSearchCollectionViewController.m */; };
		D9826943190C34D600E294F2 /* UBRSearchDataManager.m in Sources */ = {isa = PBXBuildFile; fileRef = D9826942190C34D600E294F2 /* UBRSearchDataManager.m */; };
		D9826958190C3AF800E294F2 /* AFHTTPRequestOperation.m in Sources */ = {isa = PBXBuildFile; fileRef = D9826946190C3AF800E294F2 /* AFHTTPRequestOperation.m */; };
		D9826959190C3AF800E294F2 /* AFHTTPRequestOperationManager.m in Sources */ = {isa = PBXBuildFile; fileRef = D9826948190C3AF800E294F2 /* AFHTTPRequestOperationManager.m */; };
		D982695A190C3AF800E294F2 /* AFHTTPSessionManager.m in Sources */ = {isa = PBXBuildFile; fileRef = D982694A190C3AF800E294F2 /* AFHTTPSessionManager.m */; };
		D982695B190C3AF800E294F2 /* AFNetworkReachabilityManager.m in Sources */ = {isa = PBXBuildFile; fileRef = D982694D190C3AF800E294F2 /* AFNetworkReachabilityManager.m */; };
		D982695C190C3AF800E294F2 /* AFSecurityPolicy.m in Sources */ = {isa = PBXBuildFile; fileRef = D982694F190C3AF800E294F2 /* AFSecurityPolicy.m */; };
		D982695D190C3AF800E294F2 /* AFURLConnectionOperation.m in Sources */ = {isa = PBXBuildFile; fileRef = D9826951190C3AF800E294F2 /* AFURLConnectionOperation.m */; };
		D982695E190C3AF800E294F2 /* AFURLRequestSerialization.m in Sources */ = {isa = PBXBuildFile; fileRef = D9826953190C3AF800E294F2 /* AFURLRequestSerialization.m */; };
		D982695F190C3AF800E294F2 /* AFURLResponseSerialization.m in Sources */ = {isa = PBXBuildFile; fileRef = D9826955190C3AF800E294F2 /* AFURLResponseSerialization.m */; };
		D9826960190C3AF800E294F2 /* AFURLSessionManager.m in Sources */ = {isa = PBXBuildFile; fileRef = D9826957190C3AF800E294F2 /* AFURLSessionManager.m */; };
		D9826963190C425900E294F2 /* NSString+InternetQueries.m in Sources */ = {isa = PBXBuildFile; fileRef = D9826962190C425900E294F2 /* NSString+InternetQueries.m */; };
		D9826966190C4FA100E294F2 /* UBRPhotoMetaData.m in Sources */ = {isa = PBXBuildFile; fileRef = D9826965190C4FA100E294F2 /* UBRPhotoMetaData.m */; };
		D9826969190C553700E294F2 /* NSDictionary+Valid.m in Sources */ = {isa = PBXBuildFile; fileRef = D9826968190C553700E294F2 /* NSDictionary+Valid.m */; };
		D98269B4190C62EA00E294F2 /* MKAnnotationView+WebCache.m in Sources */ = {isa = PBXBuildFile; fileRef = D9826998190C62EA00E294F2 /* MKAnnotationView+WebCache.m */; };
		D98269B5190C62EA00E294F2 /* NSData+ImageContentType.m in Sources */ = {isa = PBXBuildFile; fileRef = D982699A190C62EA00E294F2 /* NSData+ImageContentType.m */; };
		D98269B6190C62EA00E294F2 /* SDImageCache.m in Sources */ = {isa = PBXBuildFile; fileRef = D982699C190C62EA00E294F2 /* SDImageCache.m */; };
		D98269B7190C62EA00E294F2 /* SDWebImageCompat.m in Sources */ = {isa = PBXBuildFile; fileRef = D982699E190C62EA00E294F2 /* SDWebImageCompat.m */; };
		D98269B8190C62EA00E294F2 /* SDWebImageDecoder.m in Sources */ = {isa = PBXBuildFile; fileRef = D98269A0190C62EA00E294F2 /* SDWebImageDecoder.m */; };
		D98269B9190C62EA00E294F2 /* SDWebImageDownloader.m in Sources */ = {isa = PBXBuildFile; fileRef = D98269A2190C62EA00E294F2 /* SDWebImageDownloader.m */; };
		D98269BA190C62EA00E294F2 /* SDWebImageDownloaderOperation.m in Sources */ = {isa = PBXBuildFile; fileRef = D98269A4190C62EA00E294F2 /* SDWebImageDownloaderOperation.m */; };
		D98269BB190C62EA00E294F2 /* SDWebImageManager.m in Sources */ = {isa = PBXBuildFile; fileRef = D98269A6190C62EA00E294F2 /* SDWebImageManager.m */; };
		D98269BC190C62EA00E294F2 /* SDWebImagePrefetcher.m in Sources */ = {isa = PBXBuildFile; fileRef = D98269A9190C62EA00E294F2 /* SDWebImagePrefetcher.m */; };
		D98269BD190C62EA00E294F2 /* UIButton+WebCache.m in Sources */ = {isa = PBXBuildFile; fileRef = D98269AB190C62EA00E294F2 /* UIButton+WebCache.m */; };
		D98269BE190C62EA00E294F2 /* UIImage+GIF.m in Sources */ = {isa = PBXBuildFile; fileRef = D98269AD190C62EA00E294F2 /* UIImage+GIF.m */; };
		D98269BF190C62EA00E294F2 /* UIImage+MultiFormat.m in Sources */ = {isa = PBXBuildFile; fileRef = D98269AF190C62EA00E294F2 /* UIImage+MultiFormat.m */; };
		D98269C0190C62EA00E294F2 /* UIImage+WebP.m in Sources */ = {isa = PBXBuildFile; fileRef = D98269B1190C62EA00E294F2 /* UIImage+WebP.m */; };
		D98269C1190C62EA00E294F2 /* UIImageView+WebCache.m in Sources */ = {isa = PBXBuildFile; fileRef = D98269B3190C62EA00E294F2 /* UIImageView+WebCache.m */; };
		D98269C4190C63B000E294F2 /* UBRSearchPhotoCollectionViewCell.m in Sources */ = {isa = PBXBuildFile; fileRef = D98269C3190C63B000E294F2 /* UBRSearchPhotoCollectionViewCell.m */; };
		D98269CC190C682B00E294F2 /* ImageIO.framework in Frameworks */ = {isa = PBXBuildFile; fileRef = D98269CB190C682B00E294F2 /* ImageIO.framework */; };
		D98269D2190C99F800E294F2 /* UBRSearchTermsViewController.m in Sources */ = {isa = PBXBuildFile; fileRef = D98269D1190C99F800E294F2 /* UBRSearchTermsViewController.m */; };
		D98269D5190D6CFF00E294F2 /* UBRCoreData.m in Sources */ = {isa = PBXBuildFile; fileRef = D98269D4190D6CFF00E294F2 /* UBRCoreData.m */; };
		D98269D9190D71C800E294F2 /* UBRSearchTerm.m in Sources */ = {isa = PBXBuildFile; fileRef = D98269D8190D71C800E294F2 /* UBRSearchTerm.m */; };
		D98269DD190D9B7900E294F2 /* UBRSearchPhotoCollectionViewController.m in Sources */ = {isa = PBXBuildFile; fileRef = D98269DC190D9B7900E294F2 /* UBRSearchPhotoCollectionViewController.m */; };
/* End PBXBuildFile section */

/* Begin PBXContainerItemProxy section */
		D9826926190C2A6C00E294F2 /* PBXContainerItemProxy */ = {
			isa = PBXContainerItemProxy;
			containerPortal = D98268F8190C2A6C00E294F2 /* Project object */;
			proxyType = 1;
			remoteGlobalIDString = D98268FF190C2A6C00E294F2;
			remoteInfo = PhotoSearch;
		};
/* End PBXContainerItemProxy section */

/* Begin PBXFileReference section */
		D9826900190C2A6C00E294F2 /* PhotoSearch.app */ = {isa = PBXFileReference; explicitFileType = wrapper.application; includeInIndex = 0; path = PhotoSearch.app; sourceTree = BUILT_PRODUCTS_DIR; };
		D9826903190C2A6C00E294F2 /* Foundation.framework */ = {isa = PBXFileReference; lastKnownFileType = wrapper.framework; name = Foundation.framework; path = System/Library/Frameworks/Foundation.framework; sourceTree = SDKROOT; };
		D9826905190C2A6C00E294F2 /* CoreGraphics.framework */ = {isa = PBXFileReference; lastKnownFileType = wrapper.framework; name = CoreGraphics.framework; path = System/Library/Frameworks/CoreGraphics.framework; sourceTree = SDKROOT; };
		D9826907190C2A6C00E294F2 /* UIKit.framework */ = {isa = PBXFileReference; lastKnownFileType = wrapper.framework; name = UIKit.framework; path = System/Library/Frameworks/UIKit.framework; sourceTree = SDKROOT; };
		D9826909190C2A6C00E294F2 /* CoreData.framework */ = {isa = PBXFileReference; lastKnownFileType = wrapper.framework; name = CoreData.framework; path = System/Library/Frameworks/CoreData.framework; sourceTree = SDKROOT; };
		D982690D190C2A6C00E294F2 /* PhotoSearch-Info.plist */ = {isa = PBXFileReference; lastKnownFileType = text.plist.xml; path = "PhotoSearch-Info.plist"; sourceTree = "<group>"; };
		D982690F190C2A6C00E294F2 /* en */ = {isa = PBXFileReference; lastKnownFileType = text.plist.strings; name = en; path = en.lproj/InfoPlist.strings; sourceTree = "<group>"; };
		D9826911190C2A6C00E294F2 /* main.m */ = {isa = PBXFileReference; lastKnownFileType = sourcecode.c.objc; path = main.m; sourceTree = "<group>"; };
		D9826913190C2A6C00E294F2 /* PhotoSearch-Prefix.pch */ = {isa = PBXFileReference; lastKnownFileType = sourcecode.c.h; path = "PhotoSearch-Prefix.pch"; sourceTree = "<group>"; };
		D9826914190C2A6C00E294F2 /* UBRAppDelegate.h */ = {isa = PBXFileReference; lastKnownFileType = sourcecode.c.h; path = UBRAppDelegate.h; sourceTree = "<group>"; };
		D9826915190C2A6C00E294F2 /* UBRAppDelegate.m */ = {isa = PBXFileReference; lastKnownFileType = sourcecode.c.objc; path = UBRAppDelegate.m; sourceTree = "<group>"; };
		D9826918190C2A6C00E294F2 /* PhotoSearch.xcdatamodel */ = {isa = PBXFileReference; lastKnownFileType = wrapper.xcdatamodel; path = PhotoSearch.xcdatamodel; sourceTree = "<group>"; };
		D982691A190C2A6C00E294F2 /* Images.xcassets */ = {isa = PBXFileReference; lastKnownFileType = folder.assetcatalog; path = Images.xcassets; sourceTree = "<group>"; };
		D9826920190C2A6C00E294F2 /* PhotoSearchTests.xctest */ = {isa = PBXFileReference; explicitFileType = wrapper.cfbundle; includeInIndex = 0; path = PhotoSearchTests.xctest; sourceTree = BUILT_PRODUCTS_DIR; };
		D9826921190C2A6C00E294F2 /* XCTest.framework */ = {isa = PBXFileReference; lastKnownFileType = wrapper.framework; name = XCTest.framework; path = Library/Frameworks/XCTest.framework; sourceTree = DEVELOPER_DIR; };
		D982692A190C2A6C00E294F2 /* PhotoSearchTests-Info.plist */ = {isa = PBXFileReference; lastKnownFileType = text.plist.xml; path = "PhotoSearchTests-Info.plist"; sourceTree = "<group>"; };
		D982692C190C2A6C00E294F2 /* en */ = {isa = PBXFileReference; lastKnownFileType = text.plist.strings; name = en; path = en.lproj/InfoPlist.strings; sourceTree = "<group>"; };
		D982692E190C2A6C00E294F2 /* PhotoSearchTests.m */ = {isa = PBXFileReference; lastKnownFileType = sourcecode.c.objc; path = PhotoSearchTests.m; sourceTree = "<group>"; };
		D9826939190C2B7000E294F2 /* UBRSearchCollectionViewController.h */ = {isa = PBXFileReference; fileEncoding = 4; lastKnownFileType = sourcecode.c.h; path = UBRSearchCollectionViewController.h; sourceTree = "<group>"; };
		D982693A190C2B7000E294F2 /* UBRSearchCollectionViewController.m */ = {isa = PBXFileReference; fileEncoding = 4; lastKnownFileType = sourcecode.c.objc; path = UBRSearchCollectionViewController.m; sourceTree = "<group>"; };
		D9826941190C34D600E294F2 /* UBRSearchDataManager.h */ = {isa = PBXFileReference; fileEncoding = 4; lastKnownFileType = sourcecode.c.h; path = UBRSearchDataManager.h; sourceTree = "<group>"; };
		D9826942190C34D600E294F2 /* UBRSearchDataManager.m */ = {isa = PBXFileReference; fileEncoding = 4; lastKnownFileType = sourcecode.c.objc; path = UBRSearchDataManager.m; sourceTree = "<group>"; };
		D9826945190C3AF800E294F2 /* AFHTTPRequestOperation.h */ = {isa = PBXFileReference; fileEncoding = 4; lastKnownFileType = sourcecode.c.h; path = AFHTTPRequestOperation.h; sourceTree = "<group>"; };
		D9826946190C3AF800E294F2 /* AFHTTPRequestOperation.m */ = {isa = PBXFileReference; fileEncoding = 4; lastKnownFileType = sourcecode.c.objc; path = AFHTTPRequestOperation.m; sourceTree = "<group>"; };
		D9826947190C3AF800E294F2 /* AFHTTPRequestOperationManager.h */ = {isa = PBXFileReference; fileEncoding = 4; lastKnownFileType = sourcecode.c.h; path = AFHTTPRequestOperationManager.h; sourceTree = "<group>"; };
		D9826948190C3AF800E294F2 /* AFHTTPRequestOperationManager.m */ = {isa = PBXFileReference; fileEncoding = 4; lastKnownFileType = sourcecode.c.objc; path = AFHTTPRequestOperationManager.m; sourceTree = "<group>"; };
		D9826949190C3AF800E294F2 /* AFHTTPSessionManager.h */ = {isa = PBXFileReference; fileEncoding = 4; lastKnownFileType = sourcecode.c.h; path = AFHTTPSessionManager.h; sourceTree = "<group>"; };
		D982694A190C3AF800E294F2 /* AFHTTPSessionManager.m */ = {isa = PBXFileReference; fileEncoding = 4; lastKnownFileType = sourcecode.c.objc; path = AFHTTPSessionManager.m; sourceTree = "<group>"; };
		D982694B190C3AF800E294F2 /* AFNetworking.h */ = {isa = PBXFileReference; fileEncoding = 4; lastKnownFileType = sourcecode.c.h; path = AFNetworking.h; sourceTree = "<group>"; };
		D982694C190C3AF800E294F2 /* AFNetworkReachabilityManager.h */ = {isa = PBXFileReference; fileEncoding = 4; lastKnownFileType = sourcecode.c.h; path = AFNetworkReachabilityManager.h; sourceTree = "<group>"; };
		D982694D190C3AF800E294F2 /* AFNetworkReachabilityManager.m */ = {isa = PBXFileReference; fileEncoding = 4; lastKnownFileType = sourcecode.c.objc; path = AFNetworkReachabilityManager.m; sourceTree = "<group>"; };
		D982694E190C3AF800E294F2 /* AFSecurityPolicy.h */ = {isa = PBXFileReference; fileEncoding = 4; lastKnownFileType = sourcecode.c.h; path = AFSecurityPolicy.h; sourceTree = "<group>"; };
		D982694F190C3AF800E294F2 /* AFSecurityPolicy.m */ = {isa = PBXFileReference; fileEncoding = 4; lastKnownFileType = sourcecode.c.objc; path = AFSecurityPolicy.m; sourceTree = "<group>"; };
		D9826950190C3AF800E294F2 /* AFURLConnectionOperation.h */ = {isa = PBXFileReference; fileEncoding = 4; lastKnownFileType = sourcecode.c.h; path = AFURLConnectionOperation.h; sourceTree = "<group>"; };
		D9826951190C3AF800E294F2 /* AFURLConnectionOperation.m */ = {isa = PBXFileReference; fileEncoding = 4; lastKnownFileType = sourcecode.c.objc; path = AFURLConnectionOperation.m; sourceTree = "<group>"; };
		D9826952190C3AF800E294F2 /* AFURLRequestSerialization.h */ = {isa = PBXFileReference; fileEncoding = 4; lastKnownFileType = sourcecode.c.h; path = AFURLRequestSerialization.h; sourceTree = "<group>"; };
		D9826953190C3AF800E294F2 /* AFURLRequestSerialization.m */ = {isa = PBXFileReference; fileEncoding = 4; lastKnownFileType = sourcecode.c.objc; path = AFURLRequestSerialization.m; sourceTree = "<group>"; };
		D9826954190C3AF800E294F2 /* AFURLResponseSerialization.h */ = {isa = PBXFileReference; fileEncoding = 4; lastKnownFileType = sourcecode.c.h; path = AFURLResponseSerialization.h; sourceTree = "<group>"; };
		D9826955190C3AF800E294F2 /* AFURLResponseSerialization.m */ = {isa = PBXFileReference; fileEncoding = 4; lastKnownFileType = sourcecode.c.objc; path = AFURLResponseSerialization.m; sourceTree = "<group>"; };
		D9826956190C3AF800E294F2 /* AFURLSessionManager.h */ = {isa = PBXFileReference; fileEncoding = 4; lastKnownFileType = sourcecode.c.h; path = AFURLSessionManager.h; sourceTree = "<group>"; };
		D9826957190C3AF800E294F2 /* AFURLSessionManager.m */ = {isa = PBXFileReference; fileEncoding = 4; lastKnownFileType = sourcecode.c.objc; path = AFURLSessionManager.m; sourceTree = "<group>"; };
		D9826961190C425900E294F2 /* NSString+InternetQueries.h */ = {isa = PBXFileReference; fileEncoding = 4; lastKnownFileType = sourcecode.c.h; path = "NSString+InternetQueries.h"; sourceTree = "<group>"; };
		D9826962190C425900E294F2 /* NSString+InternetQueries.m */ = {isa = PBXFileReference; fileEncoding = 4; lastKnownFileType = sourcecode.c.objc; path = "NSString+InternetQueries.m"; sourceTree = "<group>"; };
		D9826964190C4FA100E294F2 /* UBRPhotoMetaData.h */ = {isa = PBXFileReference; fileEncoding = 4; lastKnownFileType = sourcecode.c.h; path = UBRPhotoMetaData.h; sourceTree = "<group>"; };
		D9826965190C4FA100E294F2 /* UBRPhotoMetaData.m */ = {isa = PBXFileReference; fileEncoding = 4; lastKnownFileType = sourcecode.c.objc; path = UBRPhotoMetaData.m; sourceTree = "<group>"; };
		D9826967190C553700E294F2 /* NSDictionary+Valid.h */ = {isa = PBXFileReference; fileEncoding = 4; lastKnownFileType = sourcecode.c.h; path = "NSDictionary+Valid.h"; sourceTree = "<group>"; };
		D9826968190C553700E294F2 /* NSDictionary+Valid.m */ = {isa = PBXFileReference; fileEncoding = 4; lastKnownFileType = sourcecode.c.objc; path = "NSDictionary+Valid.m"; sourceTree = "<group>"; };
		D9826997190C62EA00E294F2 /* MKAnnotationView+WebCache.h */ = {isa = PBXFileReference; fileEncoding = 4; lastKnownFileType = sourcecode.c.h; path = "MKAnnotationView+WebCache.h"; sourceTree = "<group>"; };
		D9826998190C62EA00E294F2 /* MKAnnotationView+WebCache.m */ = {isa = PBXFileReference; fileEncoding = 4; lastKnownFileType = sourcecode.c.objc; path = "MKAnnotationView+WebCache.m"; sourceTree = "<group>"; };
		D9826999190C62EA00E294F2 /* NSData+ImageContentType.h */ = {isa = PBXFileReference; fileEncoding = 4; lastKnownFileType = sourcecode.c.h; path = "NSData+ImageContentType.h"; sourceTree = "<group>"; };
		D982699A190C62EA00E294F2 /* NSData+ImageContentType.m */ = {isa = PBXFileReference; fileEncoding = 4; lastKnownFileType = sourcecode.c.objc; path = "NSData+ImageContentType.m"; sourceTree = "<group>"; };
		D982699B190C62EA00E294F2 /* SDImageCache.h */ = {isa = PBXFileReference; fileEncoding = 4; lastKnownFileType = sourcecode.c.h; path = SDImageCache.h; sourceTree = "<group>"; };
		D982699C190C62EA00E294F2 /* SDImageCache.m */ = {isa = PBXFileReference; fileEncoding = 4; lastKnownFileType = sourcecode.c.objc; path = SDImageCache.m; sourceTree = "<group>"; };
		D982699D190C62EA00E294F2 /* SDWebImageCompat.h */ = {isa = PBXFileReference; fileEncoding = 4; lastKnownFileType = sourcecode.c.h; path = SDWebImageCompat.h; sourceTree = "<group>"; };
		D982699E190C62EA00E294F2 /* SDWebImageCompat.m */ = {isa = PBXFileReference; fileEncoding = 4; lastKnownFileType = sourcecode.c.objc; path = SDWebImageCompat.m; sourceTree = "<group>"; };
		D982699F190C62EA00E294F2 /* SDWebImageDecoder.h */ = {isa = PBXFileReference; fileEncoding = 4; lastKnownFileType = sourcecode.c.h; path = SDWebImageDecoder.h; sourceTree = "<group>"; };
		D98269A0190C62EA00E294F2 /* SDWebImageDecoder.m */ = {isa = PBXFileReference; fileEncoding = 4; lastKnownFileType = sourcecode.c.objc; path = SDWebImageDecoder.m; sourceTree = "<group>"; };
		D98269A1190C62EA00E294F2 /* SDWebImageDownloader.h */ = {isa = PBXFileReference; fileEncoding = 4; lastKnownFileType = sourcecode.c.h; path = SDWebImageDownloader.h; sourceTree = "<group>"; };
		D98269A2190C62EA00E294F2 /* SDWebImageDownloader.m */ = {isa = PBXFileReference; fileEncoding = 4; lastKnownFileType = sourcecode.c.objc; path = SDWebImageDownloader.m; sourceTree = "<group>"; };
		D98269A3190C62EA00E294F2 /* SDWebImageDownloaderOperation.h */ = {isa = PBXFileReference; fileEncoding = 4; lastKnownFileType = sourcecode.c.h; path = SDWebImageDownloaderOperation.h; sourceTree = "<group>"; };
		D98269A4190C62EA00E294F2 /* SDWebImageDownloaderOperation.m */ = {isa = PBXFileReference; fileEncoding = 4; lastKnownFileType = sourcecode.c.objc; path = SDWebImageDownloaderOperation.m; sourceTree = "<group>"; };
		D98269A5190C62EA00E294F2 /* SDWebImageManager.h */ = {isa = PBXFileReference; fileEncoding = 4; lastKnownFileType = sourcecode.c.h; path = SDWebImageManager.h; sourceTree = "<group>"; };
		D98269A6190C62EA00E294F2 /* SDWebImageManager.m */ = {isa = PBXFileReference; fileEncoding = 4; lastKnownFileType = sourcecode.c.objc; path = SDWebImageManager.m; sourceTree = "<group>"; };
		D98269A7190C62EA00E294F2 /* SDWebImageOperation.h */ = {isa = PBXFileReference; fileEncoding = 4; lastKnownFileType = sourcecode.c.h; path = SDWebImageOperation.h; sourceTree = "<group>"; };
		D98269A8190C62EA00E294F2 /* SDWebImagePrefetcher.h */ = {isa = PBXFileReference; fileEncoding = 4; lastKnownFileType = sourcecode.c.h; path = SDWebImagePrefetcher.h; sourceTree = "<group>"; };
		D98269A9190C62EA00E294F2 /* SDWebImagePrefetcher.m */ = {isa = PBXFileReference; fileEncoding = 4; lastKnownFileType = sourcecode.c.objc; path = SDWebImagePrefetcher.m; sourceTree = "<group>"; };
		D98269AA190C62EA00E294F2 /* UIButton+WebCache.h */ = {isa = PBXFileReference; fileEncoding = 4; lastKnownFileType = sourcecode.c.h; path = "UIButton+WebCache.h"; sourceTree = "<group>"; };
		D98269AB190C62EA00E294F2 /* UIButton+WebCache.m */ = {isa = PBXFileReference; fileEncoding = 4; lastKnownFileType = sourcecode.c.objc; path = "UIButton+WebCache.m"; sourceTree = "<group>"; };
		D98269AC190C62EA00E294F2 /* UIImage+GIF.h */ = {isa = PBXFileReference; fileEncoding = 4; lastKnownFileType = sourcecode.c.h; path = "UIImage+GIF.h"; sourceTree = "<group>"; };
		D98269AD190C62EA00E294F2 /* UIImage+GIF.m */ = {isa = PBXFileReference; fileEncoding = 4; lastKnownFileType = sourcecode.c.objc; path = "UIImage+GIF.m"; sourceTree = "<group>"; };
		D98269AE190C62EA00E294F2 /* UIImage+MultiFormat.h */ = {isa = PBXFileReference; fileEncoding = 4; lastKnownFileType = sourcecode.c.h; path = "UIImage+MultiFormat.h"; sourceTree = "<group>"; };
		D98269AF190C62EA00E294F2 /* UIImage+MultiFormat.m */ = {isa = PBXFileReference; fileEncoding = 4; lastKnownFileType = sourcecode.c.objc; path = "UIImage+MultiFormat.m"; sourceTree = "<group>"; };
		D98269B0190C62EA00E294F2 /* UIImage+WebP.h */ = {isa = PBXFileReference; fileEncoding = 4; lastKnownFileType = sourcecode.c.h; path = "UIImage+WebP.h"; sourceTree = "<group>"; };
		D98269B1190C62EA00E294F2 /* UIImage+WebP.m */ = {isa = PBXFileReference; fileEncoding = 4; lastKnownFileType = sourcecode.c.objc; path = "UIImage+WebP.m"; sourceTree = "<group>"; };
		D98269B2190C62EA00E294F2 /* UIImageView+WebCache.h */ = {isa = PBXFileReference; fileEncoding = 4; lastKnownFileType = sourcecode.c.h; path = "UIImageView+WebCache.h"; sourceTree = "<group>"; };
		D98269B3190C62EA00E294F2 /* UIImageView+WebCache.m */ = {isa = PBXFileReference; fileEncoding = 4; lastKnownFileType = sourcecode.c.objc; path = "UIImageView+WebCache.m"; sourceTree = "<group>"; };
		D98269C2190C63B000E294F2 /* UBRSearchPhotoCollectionViewCell.h */ = {isa = PBXFileReference; fileEncoding = 4; lastKnownFileType = sourcecode.c.h; path = UBRSearchPhotoCollectionViewCell.h; sourceTree = "<group>"; };
		D98269C3190C63B000E294F2 /* UBRSearchPhotoCollectionViewCell.m */ = {isa = PBXFileReference; fileEncoding = 4; lastKnownFileType = sourcecode.c.objc; path = UBRSearchPhotoCollectionViewCell.m; sourceTree = "<group>"; };
		D98269CB190C682B00E294F2 /* ImageIO.framework */ = {isa = PBXFileReference; lastKnownFileType = wrapper.framework; name = ImageIO.framework; path = System/Library/Frameworks/ImageIO.framework; sourceTree = SDKROOT; };
		D98269D0190C99F800E294F2 /* UBRSearchTermsViewController.h */ = {isa = PBXFileReference; fileEncoding = 4; lastKnownFileType = sourcecode.c.h; path = UBRSearchTermsViewController.h; sourceTree = "<group>"; };
		D98269D1190C99F800E294F2 /* UBRSearchTermsViewController.m */ = {isa = PBXFileReference; fileEncoding = 4; lastKnownFileType = sourcecode.c.objc; path = UBRSearchTermsViewController.m; sourceTree = "<group>"; };
		D98269D3190D6CFF00E294F2 /* UBRCoreData.h */ = {isa = PBXFileReference; fileEncoding = 4; lastKnownFileType = sourcecode.c.h; path = UBRCoreData.h; sourceTree = "<group>"; };
		D98269D4190D6CFF00E294F2 /* UBRCoreData.m */ = {isa = PBXFileReference; fileEncoding = 4; lastKnownFileType = sourcecode.c.objc; path = UBRCoreData.m; sourceTree = "<group>"; };
		D98269D7190D71C800E294F2 /* UBRSearchTerm.h */ = {isa = PBXFileReference; fileEncoding = 4; lastKnownFileType = sourcecode.c.h; path = UBRSearchTerm.h; sourceTree = "<group>"; };
		D98269D8190D71C800E294F2 /* UBRSearchTerm.m */ = {isa = PBXFileReference; fileEncoding = 4; lastKnownFileType = sourcecode.c.objc; path = UBRSearchTerm.m; sourceTree = "<group>"; };
		D98269DB190D9B7900E294F2 /* UBRSearchPhotoCollectionViewController.h */ = {isa = PBXFileReference; fileEncoding = 4; lastKnownFileType = sourcecode.c.h; path = UBRSearchPhotoCollectionViewController.h; sourceTree = "<group>"; };
		D98269DC190D9B7900E294F2 /* UBRSearchPhotoCollectionViewController.m */ = {isa = PBXFileReference; fileEncoding = 4; lastKnownFileType = sourcecode.c.objc; path = UBRSearchPhotoCollectionViewController.m; sourceTree = "<group>"; };
/* End PBXFileReference section */

/* Begin PBXFrameworksBuildPhase section */
		D98268FD190C2A6C00E294F2 /* Frameworks */ = {
			isa = PBXFrameworksBuildPhase;
			buildActionMask = 2147483647;
			files = (
				D98269CC190C682B00E294F2 /* ImageIO.framework in Frameworks */,
				D9826906190C2A6C00E294F2 /* CoreGraphics.framework in Frameworks */,
				D982690A190C2A6C00E294F2 /* CoreData.framework in Frameworks */,
				D9826908190C2A6C00E294F2 /* UIKit.framework in Frameworks */,
				D9826904190C2A6C00E294F2 /* Foundation.framework in Frameworks */,
			);
			runOnlyForDeploymentPostprocessing = 0;
		};
		D982691D190C2A6C00E294F2 /* Frameworks */ = {
			isa = PBXFrameworksBuildPhase;
			buildActionMask = 2147483647;
			files = (
				D9826922190C2A6C00E294F2 /* XCTest.framework in Frameworks */,
				D9826925190C2A6C00E294F2 /* CoreData.framework in Frameworks */,
				D9826924190C2A6C00E294F2 /* UIKit.framework in Frameworks */,
				D9826923190C2A6C00E294F2 /* Foundation.framework in Frameworks */,
			);
			runOnlyForDeploymentPostprocessing = 0;
		};
/* End PBXFrameworksBuildPhase section */

/* Begin PBXGroup section */
		D98268F7190C2A6C00E294F2 = {
			isa = PBXGroup;
			children = (
				D982690B190C2A6C00E294F2 /* PhotoSearch */,
				D9826928190C2A6C00E294F2 /* PhotoSearchTests */,
				D9826902190C2A6C00E294F2 /* Frameworks */,
				D9826901190C2A6C00E294F2 /* Products */,
			);
			sourceTree = "<group>";
		};
		D9826901190C2A6C00E294F2 /* Products */ = {
			isa = PBXGroup;
			children = (
				D9826900190C2A6C00E294F2 /* PhotoSearch.app */,
				D9826920190C2A6C00E294F2 /* PhotoSearchTests.xctest */,
			);
			name = Products;
			sourceTree = "<group>";
		};
		D9826902190C2A6C00E294F2 /* Frameworks */ = {
			isa = PBXGroup;
			children = (
				D98269CB190C682B00E294F2 /* ImageIO.framework */,
				D9826903190C2A6C00E294F2 /* Foundation.framework */,
				D9826905190C2A6C00E294F2 /* CoreGraphics.framework */,
				D9826907190C2A6C00E294F2 /* UIKit.framework */,
				D9826909190C2A6C00E294F2 /* CoreData.framework */,
				D9826921190C2A6C00E294F2 /* XCTest.framework */,
			);
			name = Frameworks;
			sourceTree = "<group>";
		};
		D982690B190C2A6C00E294F2 /* PhotoSearch */ = {
			isa = PBXGroup;
			children = (
				D98269DA190D921800E294F2 /* AppDelegate */,
				D98269C8190C63F100E294F2 /* ViewControllers */,
				D98269C7190C63E800E294F2 /* Views */,
				D98269C6190C63DC00E294F2 /* Managers */,
				D98269C5190C63BF00E294F2 /* Model */,
				D982690C190C2A6C00E294F2 /* Supporting Files */,
			);
			path = PhotoSearch;
			sourceTree = "<group>";
		};
		D982690C190C2A6C00E294F2 /* Supporting Files */ = {
			isa = PBXGroup;
			children = (
				D98269C9190C640500E294F2 /* 3rd Party */,
				D982690D190C2A6C00E294F2 /* PhotoSearch-Info.plist */,
				D982690E190C2A6C00E294F2 /* InfoPlist.strings */,
				D9826911190C2A6C00E294F2 /* main.m */,
				D9826913190C2A6C00E294F2 /* PhotoSearch-Prefix.pch */,
				D982691A190C2A6C00E294F2 /* Images.xcassets */,
			);
			name = "Supporting Files";
			sourceTree = "<group>";
		};
		D9826928190C2A6C00E294F2 /* PhotoSearchTests */ = {
			isa = PBXGroup;
			children = (
				D982692E190C2A6C00E294F2 /* PhotoSearchTests.m */,
				D9826929190C2A6C00E294F2 /* Supporting Files */,
			);
			path = PhotoSearchTests;
			sourceTree = "<group>";
		};
		D9826929190C2A6C00E294F2 /* Supporting Files */ = {
			isa = PBXGroup;
			children = (
				D982692A190C2A6C00E294F2 /* PhotoSearchTests-Info.plist */,
				D982692B190C2A6C00E294F2 /* InfoPlist.strings */,
			);
			name = "Supporting Files";
			sourceTree = "<group>";
		};
		D9826944190C3AF800E294F2 /* AFNetworking */ = {
			isa = PBXGroup;
			children = (
				D9826945190C3AF800E294F2 /* AFHTTPRequestOperation.h */,
				D9826946190C3AF800E294F2 /* AFHTTPRequestOperation.m */,
				D9826947190C3AF800E294F2 /* AFHTTPRequestOperationManager.h */,
				D9826948190C3AF800E294F2 /* AFHTTPRequestOperationManager.m */,
				D9826949190C3AF800E294F2 /* AFHTTPSessionManager.h */,
				D982694A190C3AF800E294F2 /* AFHTTPSessionManager.m */,
				D982694B190C3AF800E294F2 /* AFNetworking.h */,
				D982694C190C3AF800E294F2 /* AFNetworkReachabilityManager.h */,
				D982694D190C3AF800E294F2 /* AFNetworkReachabilityManager.m */,
				D982694E190C3AF800E294F2 /* AFSecurityPolicy.h */,
				D982694F190C3AF800E294F2 /* AFSecurityPolicy.m */,
				D9826950190C3AF800E294F2 /* AFURLConnectionOperation.h */,
				D9826951190C3AF800E294F2 /* AFURLConnectionOperation.m */,
				D9826952190C3AF800E294F2 /* AFURLRequestSerialization.h */,
				D9826953190C3AF800E294F2 /* AFURLRequestSerialization.m */,
				D9826954190C3AF800E294F2 /* AFURLResponseSerialization.h */,
				D9826955190C3AF800E294F2 /* AFURLResponseSerialization.m */,
				D9826956190C3AF800E294F2 /* AFURLSessionManager.h */,
				D9826957190C3AF800E294F2 /* AFURLSessionManager.m */,
			);
			path = AFNetworking;
			sourceTree = "<group>";
		};
		D9826996190C62EA00E294F2 /* SDWebImage */ = {
			isa = PBXGroup;
			children = (
				D9826997190C62EA00E294F2 /* MKAnnotationView+WebCache.h */,
				D9826998190C62EA00E294F2 /* MKAnnotationView+WebCache.m */,
				D9826999190C62EA00E294F2 /* NSData+ImageContentType.h */,
				D982699A190C62EA00E294F2 /* NSData+ImageContentType.m */,
				D982699B190C62EA00E294F2 /* SDImageCache.h */,
				D982699C190C62EA00E294F2 /* SDImageCache.m */,
				D982699D190C62EA00E294F2 /* SDWebImageCompat.h */,
				D982699E190C62EA00E294F2 /* SDWebImageCompat.m */,
				D982699F190C62EA00E294F2 /* SDWebImageDecoder.h */,
				D98269A0190C62EA00E294F2 /* SDWebImageDecoder.m */,
				D98269A1190C62EA00E294F2 /* SDWebImageDownloader.h */,
				D98269A2190C62EA00E294F2 /* SDWebImageDownloader.m */,
				D98269A3190C62EA00E294F2 /* SDWebImageDownloaderOperation.h */,
				D98269A4190C62EA00E294F2 /* SDWebImageDownloaderOperation.m */,
				D98269A5190C62EA00E294F2 /* SDWebImageManager.h */,
				D98269A6190C62EA00E294F2 /* SDWebImageManager.m */,
				D98269A7190C62EA00E294F2 /* SDWebImageOperation.h */,
				D98269A8190C62EA00E294F2 /* SDWebImagePrefetcher.h */,
				D98269A9190C62EA00E294F2 /* SDWebImagePrefetcher.m */,
				D98269AA190C62EA00E294F2 /* UIButton+WebCache.h */,
				D98269AB190C62EA00E294F2 /* UIButton+WebCache.m */,
				D98269AC190C62EA00E294F2 /* UIImage+GIF.h */,
				D98269AD190C62EA00E294F2 /* UIImage+GIF.m */,
				D98269AE190C62EA00E294F2 /* UIImage+MultiFormat.h */,
				D98269AF190C62EA00E294F2 /* UIImage+MultiFormat.m */,
				D98269B0190C62EA00E294F2 /* UIImage+WebP.h */,
				D98269B1190C62EA00E294F2 /* UIImage+WebP.m */,
				D98269B2190C62EA00E294F2 /* UIImageView+WebCache.h */,
				D98269B3190C62EA00E294F2 /* UIImageView+WebCache.m */,
			);
			path = SDWebImage;
			sourceTree = "<group>";
		};
		D98269C5190C63BF00E294F2 /* Model */ = {
			isa = PBXGroup;
			children = (
				D9826917190C2A6C00E294F2 /* PhotoSearch.xcdatamodeld */,
				D98269CA190C641800E294F2 /* Categories */,
				D9826964190C4FA100E294F2 /* UBRPhotoMetaData.h */,
				D9826965190C4FA100E294F2 /* UBRPhotoMetaData.m */,
				D98269D7190D71C800E294F2 /* UBRSearchTerm.h */,
				D98269D8190D71C800E294F2 /* UBRSearchTerm.m */,
				D98269D3190D6CFF00E294F2 /* UBRCoreData.h */,
				D98269D4190D6CFF00E294F2 /* UBRCoreData.m */,
			);
			name = Model;
			sourceTree = "<group>";
		};
		D98269C6190C63DC00E294F2 /* Managers */ = {
			isa = PBXGroup;
			children = (
				D9826941190C34D600E294F2 /* UBRSearchDataManager.h */,
				D9826942190C34D600E294F2 /* UBRSearchDataManager.m */,
			);
			name = Managers;
			sourceTree = "<group>";
		};
		D98269C7190C63E800E294F2 /* Views */ = {
			isa = PBXGroup;
			children = (
				D98269C2190C63B000E294F2 /* UBRSearchPhotoCollectionViewCell.h */,
				D98269C3190C63B000E294F2 /* UBRSearchPhotoCollectionViewCell.m */,
			);
			name = Views;
			sourceTree = "<group>";
		};
		D98269C8190C63F100E294F2 /* ViewControllers */ = {
			isa = PBXGroup;
			children = (
				D9826939190C2B7000E294F2 /* UBRSearchCollectionViewController.h */,
				D982693A190C2B7000E294F2 /* UBRSearchCollectionViewController.m */,
				D98269DB190D9B7900E294F2 /* UBRSearchPhotoCollectionViewController.h */,
				D98269DC190D9B7900E294F2 /* UBRSearchPhotoCollectionViewController.m */,
				D98269D0190C99F800E294F2 /* UBRSearchTermsViewController.h */,
				D98269D1190C99F800E294F2 /* UBRSearchTermsViewController.m */,
			);
			name = ViewControllers;
			sourceTree = "<group>";
		};
		D98269C9190C640500E294F2 /* 3rd Party */ = {
			isa = PBXGroup;
			children = (
				D9826996190C62EA00E294F2 /* SDWebImage */,
				D9826944190C3AF800E294F2 /* AFNetworking */,
			);
			name = "3rd Party";
			sourceTree = "<group>";
		};
		D98269CA190C641800E294F2 /* Categories */ = {
			isa = PBXGroup;
			children = (
				D9826961190C425900E294F2 /* NSString+InternetQueries.h */,
				D9826962190C425900E294F2 /* NSString+InternetQueries.m */,
				D9826967190C553700E294F2 /* NSDictionary+Valid.h */,
				D9826968190C553700E294F2 /* NSDictionary+Valid.m */,
			);
			name = Categories;
			sourceTree = "<group>";
		};
		D98269DA190D921800E294F2 /* AppDelegate */ = {
			isa = PBXGroup;
			children = (
				D9826914190C2A6C00E294F2 /* UBRAppDelegate.h */,
				D9826915190C2A6C00E294F2 /* UBRAppDelegate.m */,
			);
			name = AppDelegate;
			sourceTree = "<group>";
		};
/* End PBXGroup section */

/* Begin PBXNativeTarget section */
		D98268FF190C2A6C00E294F2 /* PhotoSearch */ = {
			isa = PBXNativeTarget;
			buildConfigurationList = D9826932190C2A6C00E294F2 /* Build configuration list for PBXNativeTarget "PhotoSearch" */;
			buildPhases = (
				D98268FC190C2A6C00E294F2 /* Sources */,
				D98268FD190C2A6C00E294F2 /* Frameworks */,
				D98268FE190C2A6C00E294F2 /* Resources */,
			);
			buildRules = (
			);
			dependencies = (
			);
			name = PhotoSearch;
			productName = PhotoSearch;
			productReference = D9826900190C2A6C00E294F2 /* PhotoSearch.app */;
			productType = "com.apple.product-type.application";
		};
		D982691F190C2A6C00E294F2 /* PhotoSearchTests */ = {
			isa = PBXNativeTarget;
			buildConfigurationList = D9826935190C2A6C00E294F2 /* Build configuration list for PBXNativeTarget "PhotoSearchTests" */;
			buildPhases = (
				D982691C190C2A6C00E294F2 /* Sources */,
				D982691D190C2A6C00E294F2 /* Frameworks */,
				D982691E190C2A6C00E294F2 /* Resources */,
			);
			buildRules = (
			);
			dependencies = (
				D9826927190C2A6C00E294F2 /* PBXTargetDependency */,
			);
			name = PhotoSearchTests;
			productName = PhotoSearchTests;
			productReference = D9826920190C2A6C00E294F2 /* PhotoSearchTests.xctest */;
			productType = "com.apple.product-type.bundle.unit-test";
		};
/* End PBXNativeTarget section */

/* Begin PBXProject section */
		D98268F8190C2A6C00E294F2 /* Project object */ = {
			isa = PBXProject;
			attributes = {
				CLASSPREFIX = UBR;
				LastUpgradeCheck = 0510;
				ORGANIZATIONNAME = "Austin Marusco";
				TargetAttributes = {
					D982691F190C2A6C00E294F2 = {
						TestTargetID = D98268FF190C2A6C00E294F2;
					};
				};
			};
			buildConfigurationList = D98268FB190C2A6C00E294F2 /* Build configuration list for PBXProject "PhotoSearch" */;
			compatibilityVersion = "Xcode 3.2";
			developmentRegion = English;
			hasScannedForEncodings = 0;
			knownRegions = (
				en,
			);
			mainGroup = D98268F7190C2A6C00E294F2;
			productRefGroup = D9826901190C2A6C00E294F2 /* Products */;
			projectDirPath = "";
			projectRoot = "";
			targets = (
				D98268FF190C2A6C00E294F2 /* PhotoSearch */,
				D982691F190C2A6C00E294F2 /* PhotoSearchTests */,
			);
		};
/* End PBXProject section */

/* Begin PBXResourcesBuildPhase section */
		D98268FE190C2A6C00E294F2 /* Resources */ = {
			isa = PBXResourcesBuildPhase;
			buildActionMask = 2147483647;
			files = (
				D9826910190C2A6C00E294F2 /* InfoPlist.strings in Resources */,
				D982691B190C2A6C00E294F2 /* Images.xcassets in Resources */,
			);
			runOnlyForDeploymentPostprocessing = 0;
		};
		D982691E190C2A6C00E294F2 /* Resources */ = {
			isa = PBXResourcesBuildPhase;
			buildActionMask = 2147483647;
			files = (
				D982692D190C2A6C00E294F2 /* InfoPlist.strings in Resources */,
			);
			runOnlyForDeploymentPostprocessing = 0;
		};
/* End PBXResourcesBuildPhase section */

/* Begin PBXSourcesBuildPhase section */
		D98268FC190C2A6C00E294F2 /* Sources */ = {
			isa = PBXSourcesBuildPhase;
			buildActionMask = 2147483647;
			files = (
				D9826960190C3AF800E294F2 /* AFURLSessionManager.m in Sources */,
				D9826969190C553700E294F2 /* NSDictionary+Valid.m in Sources */,
				D9826919190C2A6C00E294F2 /* PhotoSearch.xcdatamodeld in Sources */,
				D982693B190C2B7000E294F2 /* UBRSearchCollectionViewController.m in Sources */,
				D982695B190C3AF800E294F2 /* AFNetworkReachabilityManager.m in Sources */,
				D98269D2190C99F800E294F2 /* UBRSearchTermsViewController.m in Sources */,
				D98269BB190C62EA00E294F2 /* SDWebImageManager.m in Sources */,
				D98269B8190C62EA00E294F2 /* SDWebImageDecoder.m in Sources */,
				D9826916190C2A6C00E294F2 /* UBRAppDelegate.m in Sources */,
				D9826966190C4FA100E294F2 /* UBRPhotoMetaData.m in Sources */,
				D98269BC190C62EA00E294F2 /* SDWebImagePrefetcher.m in Sources */,
				D98269C1190C62EA00E294F2 /* UIImageView+WebCache.m in Sources */,
				D982695D190C3AF800E294F2 /* AFURLConnectionOperation.m in Sources */,
				D982695A190C3AF800E294F2 /* AFHTTPSessionManager.m in Sources */,
				D98269D9190D71C800E294F2 /* UBRSearchTerm.m in Sources */,
				D98269DD190D9B7900E294F2 /* UBRSearchPhotoCollectionViewController.m in Sources */,
				D982695E190C3AF800E294F2 /* AFURLRequestSerialization.m in Sources */,
				D98269BE190C62EA00E294F2 /* UIImage+GIF.m in Sources */,
				D98269C0190C62EA00E294F2 /* UIImage+WebP.m in Sources */,
				D98269B5190C62EA00E294F2 /* NSData+ImageContentType.m in Sources */,
				D98269B7190C62EA00E294F2 /* SDWebImageCompat.m in Sources */,
				D9826912190C2A6C00E294F2 /* main.m in Sources */,
				D98269D5190D6CFF00E294F2 /* UBRCoreData.m in Sources */,
				D98269B6190C62EA00E294F2 /* SDImageCache.m in Sources */,
				D98269C4190C63B000E294F2 /* UBRSearchPhotoCollectionViewCell.m in Sources */,
				D98269B9190C62EA00E294F2 /* SDWebImageDownloader.m in Sources */,
				D9826943190C34D600E294F2 /* UBRSearchDataManager.m in Sources */,
				D9826959190C3AF800E294F2 /* AFHTTPRequestOperationManager.m in Sources */,
				D98269BF190C62EA00E294F2 /* UIImage+MultiFormat.m in Sources */,
				D98269BD190C62EA00E294F2 /* UIButton+WebCache.m in Sources */,
				D982695C190C3AF800E294F2 /* AFSecurityPolicy.m in Sources */,
				D98269B4190C62EA00E294F2 /* MKAnnotationView+WebCache.m in Sources */,
				D98269BA190C62EA00E294F2 /* SDWebImageDownloaderOperation.m in Sources */,
				D982695F190C3AF800E294F2 /* AFURLResponseSerialization.m in Sources */,
				D9826958190C3AF800E294F2 /* AFHTTPRequestOperation.m in Sources */,
				D9826963190C425900E294F2 /* NSString+InternetQueries.m in Sources */,
			);
			runOnlyForDeploymentPostprocessing = 0;
		};
		D982691C190C2A6C00E294F2 /* Sources */ = {
			isa = PBXSourcesBuildPhase;
			buildActionMask = 2147483647;
			files = (
				D982692F190C2A6C00E294F2 /* PhotoSearchTests.m in Sources */,
			);
			runOnlyForDeploymentPostprocessing = 0;
		};
/* End PBXSourcesBuildPhase section */

/* Begin PBXTargetDependency section */
		D9826927190C2A6C00E294F2 /* PBXTargetDependency */ = {
			isa = PBXTargetDependency;
			target = D98268FF190C2A6C00E294F2 /* PhotoSearch */;
			targetProxy = D9826926190C2A6C00E294F2 /* PBXContainerItemProxy */;
		};
/* End PBXTargetDependency section */

/* Begin PBXVariantGroup section */
		D982690E190C2A6C00E294F2 /* InfoPlist.strings */ = {
			isa = PBXVariantGroup;
			children = (
				D982690F190C2A6C00E294F2 /* en */,
			);
			name = InfoPlist.strings;
			sourceTree = "<group>";
		};
		D982692B190C2A6C00E294F2 /* InfoPlist.strings */ = {
			isa = PBXVariantGroup;
			children = (
				D982692C190C2A6C00E294F2 /* en */,
			);
			name = InfoPlist.strings;
			sourceTree = "<group>";
		};
/* End PBXVariantGroup section */

/* Begin XCBuildConfiguration section */
		D9826930190C2A6C00E294F2 /* Debug */ = {
			isa = XCBuildConfiguration;
			buildSettings = {
				ALWAYS_SEARCH_USER_PATHS = NO;
				CLANG_CXX_LANGUAGE_STANDARD = "gnu++0x";
				CLANG_CXX_LIBRARY = "libc++";
				CLANG_ENABLE_MODULES = YES;
				CLANG_ENABLE_OBJC_ARC = YES;
				CLANG_WARN_BOOL_CONVERSION = YES;
				CLANG_WARN_CONSTANT_CONVERSION = YES;
				CLANG_WARN_DIRECT_OBJC_ISA_USAGE = YES_ERROR;
				CLANG_WARN_EMPTY_BODY = YES;
				CLANG_WARN_ENUM_CONVERSION = YES;
				CLANG_WARN_INT_CONVERSION = YES;
				CLANG_WARN_OBJC_ROOT_CLASS = YES_ERROR;
				CLANG_WARN__DUPLICATE_METHOD_MATCH = YES;
				CODE_SIGN_IDENTITY = "iPhone Developer: Austin Marusco (ZXUU8WB67N)";
				"CODE_SIGN_IDENTITY[sdk=iphoneos*]" = "iPhone Developer: Austin Marusco (ZXUU8WB67N)";
				COPY_PHASE_STRIP = NO;
				GCC_C_LANGUAGE_STANDARD = gnu99;
				GCC_DYNAMIC_NO_PIC = NO;
				GCC_OPTIMIZATION_LEVEL = 0;
				GCC_PREPROCESSOR_DEFINITIONS = (
					"DEBUG=1",
					"$(inherited)",
				);
				GCC_SYMBOLS_PRIVATE_EXTERN = NO;
				GCC_WARN_64_TO_32_BIT_CONVERSION = YES;
				GCC_WARN_ABOUT_RETURN_TYPE = YES_ERROR;
				GCC_WARN_UNDECLARED_SELECTOR = YES;
				GCC_WARN_UNINITIALIZED_AUTOS = YES_AGGRESSIVE;
				GCC_WARN_UNUSED_FUNCTION = YES;
				GCC_WARN_UNUSED_VARIABLE = YES;
				IPHONEOS_DEPLOYMENT_TARGET = 7.1;
				ONLY_ACTIVE_ARCH = YES;
				SDKROOT = iphoneos;
			};
			name = Debug;
		};
		D9826931190C2A6C00E294F2 /* Release */ = {
			isa = XCBuildConfiguration;
			buildSettings = {
				ALWAYS_SEARCH_USER_PATHS = NO;
				CLANG_CXX_LANGUAGE_STANDARD = "gnu++0x";
				CLANG_CXX_LIBRARY = "libc++";
				CLANG_ENABLE_MODULES = YES;
				CLANG_ENABLE_OBJC_ARC = YES;
				CLANG_WARN_BOOL_CONVERSION = YES;
				CLANG_WARN_CONSTANT_CONVERSION = YES;
				CLANG_WARN_DIRECT_OBJC_ISA_USAGE = YES_ERROR;
				CLANG_WARN_EMPTY_BODY = YES;
				CLANG_WARN_ENUM_CONVERSION = YES;
				CLANG_WARN_INT_CONVERSION = YES;
				CLANG_WARN_OBJC_ROOT_CLASS = YES_ERROR;
				CLANG_WARN__DUPLICATE_METHOD_MATCH = YES;
				CODE_SIGN_IDENTITY = "iPhone Developer: Austin Marusco (ZXUU8WB67N)";
				"CODE_SIGN_IDENTITY[sdk=iphoneos*]" = "iPhone Developer: Austin Marusco (ZXUU8WB67N)";
				COPY_PHASE_STRIP = YES;
				ENABLE_NS_ASSERTIONS = NO;
				GCC_C_LANGUAGE_STANDARD = gnu99;
				GCC_WARN_64_TO_32_BIT_CONVERSION = YES;
				GCC_WARN_ABOUT_RETURN_TYPE = YES_ERROR;
				GCC_WARN_UNDECLARED_SELECTOR = YES;
				GCC_WARN_UNINITIALIZED_AUTOS = YES_AGGRESSIVE;
				GCC_WARN_UNUSED_FUNCTION = YES;
				GCC_WARN_UNUSED_VARIABLE = YES;
				IPHONEOS_DEPLOYMENT_TARGET = 7.1;
				SDKROOT = iphoneos;
				VALIDATE_PRODUCT = YES;
			};
			name = Release;
		};
		D9826933190C2A6C00E294F2 /* Debug */ = {
			isa = XCBuildConfiguration;
			buildSettings = {
				ASSETCATALOG_COMPILER_APPICON_NAME = AppIcon;
				ASSETCATALOG_COMPILER_LAUNCHIMAGE_NAME = LaunchImage;
				CODE_SIGN_IDENTITY = "iPhone Developer: Austin Marusco (ZXUU8WB67N)";
				GCC_PRECOMPILE_PREFIX_HEADER = YES;
				GCC_PREFIX_HEADER = "PhotoSearch/PhotoSearch-Prefix.pch";
				INFOPLIST_FILE = "PhotoSearch/PhotoSearch-Info.plist";
				OTHER_LDFLAGS = "-ObjC";
				PRODUCT_NAME = "$(TARGET_NAME)";
				WRAPPER_EXTENSION = app;
			};
			name = Debug;
		};
		D9826934190C2A6C00E294F2 /* Release */ = {
			isa = XCBuildConfiguration;
			buildSettings = {
				ASSETCATALOG_COMPILER_APPICON_NAME = AppIcon;
				ASSETCATALOG_COMPILER_LAUNCHIMAGE_NAME = LaunchImage;
				CODE_SIGN_IDENTITY = "iPhone Developer: Austin Marusco (ZXUU8WB67N)";
				GCC_PRECOMPILE_PREFIX_HEADER = YES;
				GCC_PREFIX_HEADER = "PhotoSearch/PhotoSearch-Prefix.pch";
				INFOPLIST_FILE = "PhotoSearch/PhotoSearch-Info.plist";
				OTHER_LDFLAGS = "-ObjC";
				PRODUCT_NAME = "$(TARGET_NAME)";
				WRAPPER_EXTENSION = app;
			};
			name = Release;
		};
		D9826936190C2A6C00E294F2 /* Debug */ = {
			isa = XCBuildConfiguration;
			buildSettings = {
				BUNDLE_LOADER = "$(BUILT_PRODUCTS_DIR)/PhotoSearch.app/PhotoSearch";
				FRAMEWORK_SEARCH_PATHS = (
					"$(SDKROOT)/Developer/Library/Frameworks",
					"$(inherited)",
					"$(DEVELOPER_FRAMEWORKS_DIR)",
				);
				GCC_PRECOMPILE_PREFIX_HEADER = YES;
				GCC_PREFIX_HEADER = "PhotoSearch/PhotoSearch-Prefix.pch";
				GCC_PREPROCESSOR_DEFINITIONS = (
					"DEBUG=1",
					"$(inherited)",
				);
				INFOPLIST_FILE = "PhotoSearchTests/PhotoSearchTests-Info.plist";
				PRODUCT_NAME = "$(TARGET_NAME)";
				TEST_HOST = "$(BUNDLE_LOADER)";
				WRAPPER_EXTENSION = xctest;
			};
			name = Debug;
		};
		D9826937190C2A6C00E294F2 /* Release */ = {
			isa = XCBuildConfiguration;
			buildSettings = {
				BUNDLE_LOADER = "$(BUILT_PRODUCTS_DIR)/PhotoSearch.app/PhotoSearch";
				FRAMEWORK_SEARCH_PATHS = (
					"$(SDKROOT)/Developer/Library/Frameworks",
					"$(inherited)",
					"$(DEVELOPER_FRAMEWORKS_DIR)",
				);
				GCC_PRECOMPILE_PREFIX_HEADER = YES;
				GCC_PREFIX_HEADER = "PhotoSearch/PhotoSearch-Prefix.pch";
				INFOPLIST_FILE = "PhotoSearchTests/PhotoSearchTests-Info.plist";
				PRODUCT_NAME = "$(TARGET_NAME)";
				TEST_HOST = "$(BUNDLE_LOADER)";
				WRAPPER_EXTENSION = xctest;
			};
			name = Release;
		};
/* End XCBuildConfiguration section */

/* Begin XCConfigurationList section */
		D98268FB190C2A6C00E294F2 /* Build configuration list for PBXProject "PhotoSearch" */ = {
			isa = XCConfigurationList;
			buildConfigurations = (
				D9826930190C2A6C00E294F2 /* Debug */,
				D9826931190C2A6C00E294F2 /* Release */,
			);
			defaultConfigurationIsVisible = 0;
			defaultConfigurationName = Release;
		};
		D9826932190C2A6C00E294F2 /* Build configuration list for PBXNativeTarget "PhotoSearch" */ = {
			isa = XCConfigurationList;
			buildConfigurations = (
				D9826933190C2A6C00E294F2 /* Debug */,
				D9826934190C2A6C00E294F2 /* Release */,
			);
			defaultConfigurationIsVisible = 0;
			defaultConfigurationName = Release;
		};
		D9826935190C2A6C00E294F2 /* Build configuration list for PBXNativeTarget "PhotoSearchTests" */ = {
			isa = XCConfigurationList;
			buildConfigurations = (
				D9826936190C2A6C00E294F2 /* Debug */,
				D9826937190C2A6C00E294F2 /* Release */,
			);
			defaultConfigurationIsVisible = 0;
			defaultConfigurationName = Release;
		};
/* End XCConfigurationList section */

/* Begin XCVersionGroup section */
		D9826917190C2A6C00E294F2 /* PhotoSearch.xcdatamodeld */ = {
			isa = XCVersionGroup;
			children = (
				D9826918190C2A6C00E294F2 /* PhotoSearch.xcdatamodel */,
			);
			currentVersion = D9826918190C2A6C00E294F2 /* PhotoSearch.xcdatamodel */;
			path = PhotoSearch.xcdatamodeld;
			sourceTree = "<group>";
			versionGroupType = wrapper.xcdatamodel;
		};
/* End XCVersionGroup section */
	};
	rootObject = D98268F8190C2A6C00E294F2 /* Project object */;
}
